// !$*UTF8*$!
{
	archiveVersion = 1;
	classes = {
	};
	objectVersion = 56;
	objects = {

/* Begin PBXBuildFile section */
		8020E86A294119DA00156C39 /* SoundPlayer.swift in Sources */ = {isa = PBXBuildFile; fileRef = 8020E869294119DA00156C39 /* SoundPlayer.swift */; };
		8020E87229411E1200156C39 /* WidgetKit.framework in Frameworks */ = {isa = PBXBuildFile; fileRef = 8020E87129411E1200156C39 /* WidgetKit.framework */; };
		8020E87429411E1200156C39 /* SwiftUI.framework in Frameworks */ = {isa = PBXBuildFile; fileRef = 8020E87329411E1200156C39 /* SwiftUI.framework */; };
		8020E87729411E1200156C39 /* DevoteWidgetExtensionBundle.swift in Sources */ = {isa = PBXBuildFile; fileRef = 8020E87629411E1200156C39 /* DevoteWidgetExtensionBundle.swift */; };
		8020E87929411E1200156C39 /* DevoteWidgetExtensionLiveActivity.swift in Sources */ = {isa = PBXBuildFile; fileRef = 8020E87829411E1200156C39 /* DevoteWidgetExtensionLiveActivity.swift */; };
		8020E87B29411E1200156C39 /* DevoteWidgetExtension.swift in Sources */ = {isa = PBXBuildFile; fileRef = 8020E87A29411E1200156C39 /* DevoteWidgetExtension.swift */; };
		8020E87D29411E1400156C39 /* Assets.xcassets in Resources */ = {isa = PBXBuildFile; fileRef = 8020E87C29411E1400156C39 /* Assets.xcassets */; };
		8020E88129411E1400156C39 /* DevoteWidgetExtensionExtension.appex in Embed Foundation Extensions */ = {isa = PBXBuildFile; fileRef = 8020E86F29411E1200156C39 /* DevoteWidgetExtensionExtension.appex */; settings = {ATTRIBUTES = (RemoveHeadersOnCopy, ); }; };
		80C28F65294039310096B1F6 /* NewTaskItemView.swift in Sources */ = {isa = PBXBuildFile; fileRef = 80C28F64294039310096B1F6 /* NewTaskItemView.swift */; };
		80C28F672940482D0096B1F6 /* BlankView.swift in Sources */ = {isa = PBXBuildFile; fileRef = 80C28F662940482D0096B1F6 /* BlankView.swift */; };
		80C28F692940557F0096B1F6 /* ListRowItemView.swift in Sources */ = {isa = PBXBuildFile; fileRef = 80C28F682940557F0096B1F6 /* ListRowItemView.swift */; };
		80C28F6C294058710096B1F6 /* CheckboxStyle.swift in Sources */ = {isa = PBXBuildFile; fileRef = 80C28F6B294058710096B1F6 /* CheckboxStyle.swift */; };
		9405870929400EE5001D12A8 /* sound-tap.mp3 in Resources */ = {isa = PBXBuildFile; fileRef = 9405870629400EE5001D12A8 /* sound-tap.mp3 */; };
		9405870A29400EE5001D12A8 /* sound-ding.mp3 in Resources */ = {isa = PBXBuildFile; fileRef = 9405870729400EE5001D12A8 /* sound-ding.mp3 */; };
		9405870B29400EE5001D12A8 /* sound-rise.mp3 in Resources */ = {isa = PBXBuildFile; fileRef = 9405870829400EE5001D12A8 /* sound-rise.mp3 */; };
		9405871429401A8C001D12A8 /* Constant.swift in Sources */ = {isa = PBXBuildFile; fileRef = 9405871329401A8C001D12A8 /* Constant.swift */; };
		94058716294025A6001D12A8 /* HideKeyboard.swift in Sources */ = {isa = PBXBuildFile; fileRef = 94058715294025A6001D12A8 /* HideKeyboard.swift */; };
		9405871829402D97001D12A8 /* BackgroundImageView.swift in Sources */ = {isa = PBXBuildFile; fileRef = 9405871729402D97001D12A8 /* BackgroundImageView.swift */; };
		94B0DBF929400D7500907DA1 /* DevoteApp.swift in Sources */ = {isa = PBXBuildFile; fileRef = 94B0DBF829400D7500907DA1 /* DevoteApp.swift */; };
		94B0DBFB29400D7500907DA1 /* ContentView.swift in Sources */ = {isa = PBXBuildFile; fileRef = 94B0DBFA29400D7500907DA1 /* ContentView.swift */; };
		94B0DBFD29400D7600907DA1 /* Assets.xcassets in Resources */ = {isa = PBXBuildFile; fileRef = 94B0DBFC29400D7600907DA1 /* Assets.xcassets */; };
		94B0DC0029400D7700907DA1 /* Preview Assets.xcassets in Resources */ = {isa = PBXBuildFile; fileRef = 94B0DBFF29400D7700907DA1 /* Preview Assets.xcassets */; };
		94B0DC0229400D7700907DA1 /* Persistence.swift in Sources */ = {isa = PBXBuildFile; fileRef = 94B0DC0129400D7700907DA1 /* Persistence.swift */; };
		94B0DC0529400D7700907DA1 /* Devote.xcdatamodeld in Sources */ = {isa = PBXBuildFile; fileRef = 94B0DC0329400D7700907DA1 /* Devote.xcdatamodeld */; };
/* End PBXBuildFile section */

/* Begin PBXContainerItemProxy section */
		8020E87F29411E1400156C39 /* PBXContainerItemProxy */ = {
			isa = PBXContainerItemProxy;
			containerPortal = 94B0DBED29400D7500907DA1 /* Project object */;
			proxyType = 1;
			remoteGlobalIDString = 8020E86E29411E1200156C39;
			remoteInfo = DevoteWidgetExtensionExtension;
		};
/* End PBXContainerItemProxy section */

/* Begin PBXCopyFilesBuildPhase section */
		8020E88529411E1400156C39 /* Embed Foundation Extensions */ = {
			isa = PBXCopyFilesBuildPhase;
			buildActionMask = 2147483647;
			dstPath = "";
			dstSubfolderSpec = 13;
			files = (
				8020E88129411E1400156C39 /* DevoteWidgetExtensionExtension.appex in Embed Foundation Extensions */,
			);
			name = "Embed Foundation Extensions";
			runOnlyForDeploymentPostprocessing = 0;
		};
/* End PBXCopyFilesBuildPhase section */

/* Begin PBXFileReference section */
		8020E869294119DA00156C39 /* SoundPlayer.swift */ = {isa = PBXFileReference; lastKnownFileType = sourcecode.swift; path = SoundPlayer.swift; sourceTree = "<group>"; };
		8020E86F29411E1200156C39 /* DevoteWidgetExtensionExtension.appex */ = {isa = PBXFileReference; explicitFileType = "wrapper.app-extension"; includeInIndex = 0; path = DevoteWidgetExtensionExtension.appex; sourceTree = BUILT_PRODUCTS_DIR; };
		8020E87129411E1200156C39 /* WidgetKit.framework */ = {isa = PBXFileReference; lastKnownFileType = wrapper.framework; name = WidgetKit.framework; path = System/Library/Frameworks/WidgetKit.framework; sourceTree = SDKROOT; };
		8020E87329411E1200156C39 /* SwiftUI.framework */ = {isa = PBXFileReference; lastKnownFileType = wrapper.framework; name = SwiftUI.framework; path = System/Library/Frameworks/SwiftUI.framework; sourceTree = SDKROOT; };
		8020E87629411E1200156C39 /* DevoteWidgetExtensionBundle.swift */ = {isa = PBXFileReference; lastKnownFileType = sourcecode.swift; path = DevoteWidgetExtensionBundle.swift; sourceTree = "<group>"; };
		8020E87829411E1200156C39 /* DevoteWidgetExtensionLiveActivity.swift */ = {isa = PBXFileReference; lastKnownFileType = sourcecode.swift; path = DevoteWidgetExtensionLiveActivity.swift; sourceTree = "<group>"; };
		8020E87A29411E1200156C39 /* DevoteWidgetExtension.swift */ = {isa = PBXFileReference; lastKnownFileType = sourcecode.swift; path = DevoteWidgetExtension.swift; sourceTree = "<group>"; };
		8020E87C29411E1400156C39 /* Assets.xcassets */ = {isa = PBXFileReference; lastKnownFileType = folder.assetcatalog; path = Assets.xcassets; sourceTree = "<group>"; };
		8020E87E29411E1400156C39 /* Info.plist */ = {isa = PBXFileReference; lastKnownFileType = text.plist.xml; path = Info.plist; sourceTree = "<group>"; };
		80C28F64294039310096B1F6 /* NewTaskItemView.swift */ = {isa = PBXFileReference; lastKnownFileType = sourcecode.swift; path = NewTaskItemView.swift; sourceTree = "<group>"; };
		80C28F662940482D0096B1F6 /* BlankView.swift */ = {isa = PBXFileReference; lastKnownFileType = sourcecode.swift; path = BlankView.swift; sourceTree = "<group>"; };
		80C28F682940557F0096B1F6 /* ListRowItemView.swift */ = {isa = PBXFileReference; lastKnownFileType = sourcecode.swift; path = ListRowItemView.swift; sourceTree = "<group>"; };
		80C28F6B294058710096B1F6 /* CheckboxStyle.swift */ = {isa = PBXFileReference; lastKnownFileType = sourcecode.swift; path = CheckboxStyle.swift; sourceTree = "<group>"; };
		9405870629400EE5001D12A8 /* sound-tap.mp3 */ = {isa = PBXFileReference; lastKnownFileType = audio.mp3; path = "sound-tap.mp3"; sourceTree = "<group>"; };
		9405870729400EE5001D12A8 /* sound-ding.mp3 */ = {isa = PBXFileReference; lastKnownFileType = audio.mp3; path = "sound-ding.mp3"; sourceTree = "<group>"; };
		9405870829400EE5001D12A8 /* sound-rise.mp3 */ = {isa = PBXFileReference; lastKnownFileType = audio.mp3; path = "sound-rise.mp3"; sourceTree = "<group>"; };
		9405871229401035001D12A8 /* Info.plist */ = {isa = PBXFileReference; lastKnownFileType = text.plist; path = Info.plist; sourceTree = "<group>"; };
		9405871329401A8C001D12A8 /* Constant.swift */ = {isa = PBXFileReference; lastKnownFileType = sourcecode.swift; path = Constant.swift; sourceTree = "<group>"; };
		94058715294025A6001D12A8 /* HideKeyboard.swift */ = {isa = PBXFileReference; lastKnownFileType = sourcecode.swift; path = HideKeyboard.swift; sourceTree = "<group>"; };
		9405871729402D97001D12A8 /* BackgroundImageView.swift */ = {isa = PBXFileReference; lastKnownFileType = sourcecode.swift; path = BackgroundImageView.swift; sourceTree = "<group>"; };
		94B0DBF529400D7500907DA1 /* Devote.app */ = {isa = PBXFileReference; explicitFileType = wrapper.application; includeInIndex = 0; path = Devote.app; sourceTree = BUILT_PRODUCTS_DIR; };
		94B0DBF829400D7500907DA1 /* DevoteApp.swift */ = {isa = PBXFileReference; lastKnownFileType = sourcecode.swift; path = DevoteApp.swift; sourceTree = "<group>"; };
		94B0DBFA29400D7500907DA1 /* ContentView.swift */ = {isa = PBXFileReference; lastKnownFileType = sourcecode.swift; path = ContentView.swift; sourceTree = "<group>"; };
		94B0DBFC29400D7600907DA1 /* Assets.xcassets */ = {isa = PBXFileReference; lastKnownFileType = folder.assetcatalog; path = Assets.xcassets; sourceTree = "<group>"; };
		94B0DBFF29400D7700907DA1 /* Preview Assets.xcassets */ = {isa = PBXFileReference; lastKnownFileType = folder.assetcatalog; path = "Preview Assets.xcassets"; sourceTree = "<group>"; };
		94B0DC0129400D7700907DA1 /* Persistence.swift */ = {isa = PBXFileReference; lastKnownFileType = sourcecode.swift; path = Persistence.swift; sourceTree = "<group>"; };
		94B0DC0429400D7700907DA1 /* Devote.xcdatamodel */ = {isa = PBXFileReference; lastKnownFileType = wrapper.xcdatamodel; path = Devote.xcdatamodel; sourceTree = "<group>"; };
/* End PBXFileReference section */

/* Begin PBXFrameworksBuildPhase section */
		8020E86C29411E1200156C39 /* Frameworks */ = {
			isa = PBXFrameworksBuildPhase;
			buildActionMask = 2147483647;
			files = (
				8020E87429411E1200156C39 /* SwiftUI.framework in Frameworks */,
				8020E87229411E1200156C39 /* WidgetKit.framework in Frameworks */,
			);
			runOnlyForDeploymentPostprocessing = 0;
		};
		94B0DBF229400D7500907DA1 /* Frameworks */ = {
			isa = PBXFrameworksBuildPhase;
			buildActionMask = 2147483647;
			files = (
			);
			runOnlyForDeploymentPostprocessing = 0;
		};
/* End PBXFrameworksBuildPhase section */

/* Begin PBXGroup section */
		8020E87029411E1200156C39 /* Frameworks */ = {
			isa = PBXGroup;
			children = (
				8020E87129411E1200156C39 /* WidgetKit.framework */,
				8020E87329411E1200156C39 /* SwiftUI.framework */,
			);
			name = Frameworks;
			sourceTree = "<group>";
		};
		8020E87529411E1200156C39 /* DevoteWidgetExtension */ = {
			isa = PBXGroup;
			children = (
				8020E87629411E1200156C39 /* DevoteWidgetExtensionBundle.swift */,
				8020E87829411E1200156C39 /* DevoteWidgetExtensionLiveActivity.swift */,
				8020E87A29411E1200156C39 /* DevoteWidgetExtension.swift */,
				8020E87C29411E1400156C39 /* Assets.xcassets */,
				8020E87E29411E1400156C39 /* Info.plist */,
			);
			path = DevoteWidgetExtension;
			sourceTree = "<group>";
		};
		80C28F6A2940585D0096B1F6 /* Style */ = {
			isa = PBXGroup;
			children = (
				80C28F6B294058710096B1F6 /* CheckboxStyle.swift */,
			);
			path = Style;
			sourceTree = "<group>";
		};
		9405870C29400F23001D12A8 /* Sounds */ = {
			isa = PBXGroup;
			children = (
				9405870729400EE5001D12A8 /* sound-ding.mp3 */,
				9405870829400EE5001D12A8 /* sound-rise.mp3 */,
				9405870629400EE5001D12A8 /* sound-tap.mp3 */,
			);
			path = Sounds;
			sourceTree = "<group>";
		};
		9405870D29400F2B001D12A8 /* Views */ = {
			isa = PBXGroup;
			children = (
				94B0DBFA29400D7500907DA1 /* ContentView.swift */,
				9405871729402D97001D12A8 /* BackgroundImageView.swift */,
				80C28F64294039310096B1F6 /* NewTaskItemView.swift */,
				80C28F662940482D0096B1F6 /* BlankView.swift */,
				80C28F682940557F0096B1F6 /* ListRowItemView.swift */,
			);
			path = Views;
			sourceTree = "<group>";
		};
		9405870E29400F33001D12A8 /* Models */ = {
			isa = PBXGroup;
			children = (
				94B0DC0129400D7700907DA1 /* Persistence.swift */,
				94B0DC0329400D7700907DA1 /* Devote.xcdatamodeld */,
			);
			path = Models;
			sourceTree = "<group>";
		};
		9405871029400F7F001D12A8 /* Utility */ = {
			isa = PBXGroup;
			children = (
				9405871329401A8C001D12A8 /* Constant.swift */,
				8020E869294119DA00156C39 /* SoundPlayer.swift */,
			);
			path = Utility;
			sourceTree = "<group>";
		};
		9405871129400F86001D12A8 /* Extension */ = {
			isa = PBXGroup;
			children = (
				94058715294025A6001D12A8 /* HideKeyboard.swift */,
			);
			path = Extension;
			sourceTree = "<group>";
		};
		94B0DBEC29400D7500907DA1 = {
			isa = PBXGroup;
			children = (
				94B0DBF729400D7500907DA1 /* Devote */,
				8020E87529411E1200156C39 /* DevoteWidgetExtension */,
				8020E87029411E1200156C39 /* Frameworks */,
				94B0DBF629400D7500907DA1 /* Products */,
			);
			sourceTree = "<group>";
		};
		94B0DBF629400D7500907DA1 /* Products */ = {
			isa = PBXGroup;
			children = (
				94B0DBF529400D7500907DA1 /* Devote.app */,
				8020E86F29411E1200156C39 /* DevoteWidgetExtensionExtension.appex */,
			);
			name = Products;
			sourceTree = "<group>";
		};
		94B0DBF729400D7500907DA1 /* Devote */ = {
			isa = PBXGroup;
			children = (
				94B0DBF829400D7500907DA1 /* DevoteApp.swift */,
				9405871229401035001D12A8 /* Info.plist */,
				9405870D29400F2B001D12A8 /* Views */,
				9405870E29400F33001D12A8 /* Models */,
				80C28F6A2940585D0096B1F6 /* Style */,
				9405870C29400F23001D12A8 /* Sounds */,
				94B0DBFC29400D7600907DA1 /* Assets.xcassets */,
				9405871029400F7F001D12A8 /* Utility */,
				9405871129400F86001D12A8 /* Extension */,
				94B0DBFE29400D7700907DA1 /* Preview Content */,
			);
			path = Devote;
			sourceTree = "<group>";
		};
		94B0DBFE29400D7700907DA1 /* Preview Content */ = {
			isa = PBXGroup;
			children = (
				94B0DBFF29400D7700907DA1 /* Preview Assets.xcassets */,
			);
			path = "Preview Content";
			sourceTree = "<group>";
		};
/* End PBXGroup section */

/* Begin PBXNativeTarget section */
		8020E86E29411E1200156C39 /* DevoteWidgetExtensionExtension */ = {
			isa = PBXNativeTarget;
			buildConfigurationList = 8020E88229411E1400156C39 /* Build configuration list for PBXNativeTarget "DevoteWidgetExtensionExtension" */;
			buildPhases = (
				8020E86B29411E1200156C39 /* Sources */,
				8020E86C29411E1200156C39 /* Frameworks */,
				8020E86D29411E1200156C39 /* Resources */,
			);
			buildRules = (
			);
			dependencies = (
			);
			name = DevoteWidgetExtensionExtension;
			productName = DevoteWidgetExtensionExtension;
			productReference = 8020E86F29411E1200156C39 /* DevoteWidgetExtensionExtension.appex */;
			productType = "com.apple.product-type.app-extension";
		};
		94B0DBF429400D7500907DA1 /* Devote */ = {
			isa = PBXNativeTarget;
			buildConfigurationList = 94B0DC0829400D7700907DA1 /* Build configuration list for PBXNativeTarget "Devote" */;
			buildPhases = (
				94B0DBF129400D7500907DA1 /* Sources */,
				94B0DBF229400D7500907DA1 /* Frameworks */,
				94B0DBF329400D7500907DA1 /* Resources */,
				8020E88529411E1400156C39 /* Embed Foundation Extensions */,
			);
			buildRules = (
			);
			dependencies = (
				8020E88029411E1400156C39 /* PBXTargetDependency */,
			);
			name = Devote;
			productName = Devote;
			productReference = 94B0DBF529400D7500907DA1 /* Devote.app */;
			productType = "com.apple.product-type.application";
		};
/* End PBXNativeTarget section */

/* Begin PBXProject section */
		94B0DBED29400D7500907DA1 /* Project object */ = {
			isa = PBXProject;
			attributes = {
				BuildIndependentTargetsInParallel = 1;
				LastSwiftUpdateCheck = 1410;
				LastUpgradeCheck = 1410;
				TargetAttributes = {
					8020E86E29411E1200156C39 = {
						CreatedOnToolsVersion = 14.1;
					};
					94B0DBF429400D7500907DA1 = {
						CreatedOnToolsVersion = 14.1;
					};
				};
			};
			buildConfigurationList = 94B0DBF029400D7500907DA1 /* Build configuration list for PBXProject "Devote" */;
			compatibilityVersion = "Xcode 14.0";
			developmentRegion = en;
			hasScannedForEncodings = 0;
			knownRegions = (
				en,
				Base,
			);
			mainGroup = 94B0DBEC29400D7500907DA1;
			productRefGroup = 94B0DBF629400D7500907DA1 /* Products */;
			projectDirPath = "";
			projectRoot = "";
			targets = (
				94B0DBF429400D7500907DA1 /* Devote */,
				8020E86E29411E1200156C39 /* DevoteWidgetExtensionExtension */,
			);
		};
/* End PBXProject section */

/* Begin PBXResourcesBuildPhase section */
		8020E86D29411E1200156C39 /* Resources */ = {
			isa = PBXResourcesBuildPhase;
			buildActionMask = 2147483647;
			files = (
				8020E87D29411E1400156C39 /* Assets.xcassets in Resources */,
			);
			runOnlyForDeploymentPostprocessing = 0;
		};
		94B0DBF329400D7500907DA1 /* Resources */ = {
			isa = PBXResourcesBuildPhase;
			buildActionMask = 2147483647;
			files = (
				9405870B29400EE5001D12A8 /* sound-rise.mp3 in Resources */,
				9405870A29400EE5001D12A8 /* sound-ding.mp3 in Resources */,
				9405870929400EE5001D12A8 /* sound-tap.mp3 in Resources */,
				94B0DC0029400D7700907DA1 /* Preview Assets.xcassets in Resources */,
				94B0DBFD29400D7600907DA1 /* Assets.xcassets in Resources */,
			);
			runOnlyForDeploymentPostprocessing = 0;
		};
/* End PBXResourcesBuildPhase section */

/* Begin PBXSourcesBuildPhase section */
		8020E86B29411E1200156C39 /* Sources */ = {
			isa = PBXSourcesBuildPhase;
			buildActionMask = 2147483647;
			files = (
				8020E87729411E1200156C39 /* DevoteWidgetExtensionBundle.swift in Sources */,
				8020E87B29411E1200156C39 /* DevoteWidgetExtension.swift in Sources */,
				8020E87929411E1200156C39 /* DevoteWidgetExtensionLiveActivity.swift in Sources */,
			);
			runOnlyForDeploymentPostprocessing = 0;
		};
		94B0DBF129400D7500907DA1 /* Sources */ = {
			isa = PBXSourcesBuildPhase;
			buildActionMask = 2147483647;
			files = (
				94B0DC0229400D7700907DA1 /* Persistence.swift in Sources */,
				9405871829402D97001D12A8 /* BackgroundImageView.swift in Sources */,
				94B0DBFB29400D7500907DA1 /* ContentView.swift in Sources */,
				9405871429401A8C001D12A8 /* Constant.swift in Sources */,
				80C28F672940482D0096B1F6 /* BlankView.swift in Sources */,
				94B0DC0529400D7700907DA1 /* Devote.xcdatamodeld in Sources */,
				80C28F692940557F0096B1F6 /* ListRowItemView.swift in Sources */,
				94058716294025A6001D12A8 /* HideKeyboard.swift in Sources */,
				94B0DBF929400D7500907DA1 /* DevoteApp.swift in Sources */,
				80C28F6C294058710096B1F6 /* CheckboxStyle.swift in Sources */,
				8020E86A294119DA00156C39 /* SoundPlayer.swift in Sources */,
				80C28F65294039310096B1F6 /* NewTaskItemView.swift in Sources */,
			);
			runOnlyForDeploymentPostprocessing = 0;
		};
/* End PBXSourcesBuildPhase section */

/* Begin PBXTargetDependency section */
		8020E88029411E1400156C39 /* PBXTargetDependency */ = {
			isa = PBXTargetDependency;
			target = 8020E86E29411E1200156C39 /* DevoteWidgetExtensionExtension */;
			targetProxy = 8020E87F29411E1400156C39 /* PBXContainerItemProxy */;
		};
/* End PBXTargetDependency section */

/* Begin XCBuildConfiguration section */
		8020E88329411E1400156C39 /* Debug */ = {
			isa = XCBuildConfiguration;
			buildSettings = {
				ASSETCATALOG_COMPILER_GLOBAL_ACCENT_COLOR_NAME = AccentColor;
				ASSETCATALOG_COMPILER_WIDGET_BACKGROUND_COLOR_NAME = WidgetBackground;
				CODE_SIGN_STYLE = Automatic;
				CURRENT_PROJECT_VERSION = 1;
				DEVELOPMENT_TEAM = FV4ACN6AD6;
				GENERATE_INFOPLIST_FILE = YES;
				INFOPLIST_FILE = DevoteWidgetExtension/Info.plist;
				INFOPLIST_KEY_CFBundleDisplayName = DevoteWidgetExtension;
				INFOPLIST_KEY_NSHumanReadableCopyright = "";
				LD_RUNPATH_SEARCH_PATHS = (
					"$(inherited)",
					"@executable_path/Frameworks",
					"@executable_path/../../Frameworks",
				);
				MARKETING_VERSION = 1.0;
				PRODUCT_BUNDLE_IDENTIFIER = XAVware.Devote.DevoteWidgetExtension;
				PRODUCT_NAME = "$(TARGET_NAME)";
				SKIP_INSTALL = YES;
				SWIFT_EMIT_LOC_STRINGS = YES;
				SWIFT_VERSION = 5.0;
				TARGETED_DEVICE_FAMILY = "1,2";
			};
			name = Debug;
		};
		8020E88429411E1400156C39 /* Release */ = {
			isa = XCBuildConfiguration;
			buildSettings = {
				ASSETCATALOG_COMPILER_GLOBAL_ACCENT_COLOR_NAME = AccentColor;
				ASSETCATALOG_COMPILER_WIDGET_BACKGROUND_COLOR_NAME = WidgetBackground;
				CODE_SIGN_STYLE = Automatic;
				CURRENT_PROJECT_VERSION = 1;
				DEVELOPMENT_TEAM = FV4ACN6AD6;
				GENERATE_INFOPLIST_FILE = YES;
				INFOPLIST_FILE = DevoteWidgetExtension/Info.plist;
				INFOPLIST_KEY_CFBundleDisplayName = DevoteWidgetExtension;
				INFOPLIST_KEY_NSHumanReadableCopyright = "";
				LD_RUNPATH_SEARCH_PATHS = (
					"$(inherited)",
					"@executable_path/Frameworks",
					"@executable_path/../../Frameworks",
				);
				MARKETING_VERSION = 1.0;
				PRODUCT_BUNDLE_IDENTIFIER = XAVware.Devote.DevoteWidgetExtension;
				PRODUCT_NAME = "$(TARGET_NAME)";
				SKIP_INSTALL = YES;
				SWIFT_EMIT_LOC_STRINGS = YES;
				SWIFT_VERSION = 5.0;
				TARGETED_DEVICE_FAMILY = "1,2";
			};
			name = Release;
		};
		94B0DC0629400D7700907DA1 /* Debug */ = {
			isa = XCBuildConfiguration;
			buildSettings = {
				ALWAYS_SEARCH_USER_PATHS = NO;
				CLANG_ANALYZER_NONNULL = YES;
				CLANG_ANALYZER_NUMBER_OBJECT_CONVERSION = YES_AGGRESSIVE;
				CLANG_CXX_LANGUAGE_STANDARD = "gnu++20";
				CLANG_ENABLE_MODULES = YES;
				CLANG_ENABLE_OBJC_ARC = YES;
				CLANG_ENABLE_OBJC_WEAK = YES;
				CLANG_WARN_BLOCK_CAPTURE_AUTORELEASING = YES;
				CLANG_WARN_BOOL_CONVERSION = YES;
				CLANG_WARN_COMMA = YES;
				CLANG_WARN_CONSTANT_CONVERSION = YES;
				CLANG_WARN_DEPRECATED_OBJC_IMPLEMENTATIONS = YES;
				CLANG_WARN_DIRECT_OBJC_ISA_USAGE = YES_ERROR;
				CLANG_WARN_DOCUMENTATION_COMMENTS = YES;
				CLANG_WARN_EMPTY_BODY = YES;
				CLANG_WARN_ENUM_CONVERSION = YES;
				CLANG_WARN_INFINITE_RECURSION = YES;
				CLANG_WARN_INT_CONVERSION = YES;
				CLANG_WARN_NON_LITERAL_NULL_CONVERSION = YES;
				CLANG_WARN_OBJC_IMPLICIT_RETAIN_SELF = YES;
				CLANG_WARN_OBJC_LITERAL_CONVERSION = YES;
				CLANG_WARN_OBJC_ROOT_CLASS = YES_ERROR;
				CLANG_WARN_QUOTED_INCLUDE_IN_FRAMEWORK_HEADER = YES;
				CLANG_WARN_RANGE_LOOP_ANALYSIS = YES;
				CLANG_WARN_STRICT_PROTOTYPES = YES;
				CLANG_WARN_SUSPICIOUS_MOVE = YES;
				CLANG_WARN_UNGUARDED_AVAILABILITY = YES_AGGRESSIVE;
				CLANG_WARN_UNREACHABLE_CODE = YES;
				CLANG_WARN__DUPLICATE_METHOD_MATCH = YES;
				COPY_PHASE_STRIP = NO;
				DEBUG_INFORMATION_FORMAT = dwarf;
				ENABLE_STRICT_OBJC_MSGSEND = YES;
				ENABLE_TESTABILITY = YES;
				GCC_C_LANGUAGE_STANDARD = gnu11;
				GCC_DYNAMIC_NO_PIC = NO;
				GCC_NO_COMMON_BLOCKS = YES;
				GCC_OPTIMIZATION_LEVEL = 0;
				GCC_PREPROCESSOR_DEFINITIONS = (
					"DEBUG=1",
					"$(inherited)",
				);
				GCC_WARN_64_TO_32_BIT_CONVERSION = YES;
				GCC_WARN_ABOUT_RETURN_TYPE = YES_ERROR;
				GCC_WARN_UNDECLARED_SELECTOR = YES;
				GCC_WARN_UNINITIALIZED_AUTOS = YES_AGGRESSIVE;
				GCC_WARN_UNUSED_FUNCTION = YES;
				GCC_WARN_UNUSED_VARIABLE = YES;
				IPHONEOS_DEPLOYMENT_TARGET = 16.1;
				MTL_ENABLE_DEBUG_INFO = INCLUDE_SOURCE;
				MTL_FAST_MATH = YES;
				ONLY_ACTIVE_ARCH = YES;
				SDKROOT = iphoneos;
				SWIFT_ACTIVE_COMPILATION_CONDITIONS = DEBUG;
				SWIFT_OPTIMIZATION_LEVEL = "-Onone";
			};
			name = Debug;
		};
		94B0DC0729400D7700907DA1 /* Release */ = {
			isa = XCBuildConfiguration;
			buildSettings = {
				ALWAYS_SEARCH_USER_PATHS = NO;
				CLANG_ANALYZER_NONNULL = YES;
				CLANG_ANALYZER_NUMBER_OBJECT_CONVERSION = YES_AGGRESSIVE;
				CLANG_CXX_LANGUAGE_STANDARD = "gnu++20";
				CLANG_ENABLE_MODULES = YES;
				CLANG_ENABLE_OBJC_ARC = YES;
				CLANG_ENABLE_OBJC_WEAK = YES;
				CLANG_WARN_BLOCK_CAPTURE_AUTORELEASING = YES;
				CLANG_WARN_BOOL_CONVERSION = YES;
				CLANG_WARN_COMMA = YES;
				CLANG_WARN_CONSTANT_CONVERSION = YES;
				CLANG_WARN_DEPRECATED_OBJC_IMPLEMENTATIONS = YES;
				CLANG_WARN_DIRECT_OBJC_ISA_USAGE = YES_ERROR;
				CLANG_WARN_DOCUMENTATION_COMMENTS = YES;
				CLANG_WARN_EMPTY_BODY = YES;
				CLANG_WARN_ENUM_CONVERSION = YES;
				CLANG_WARN_INFINITE_RECURSION = YES;
				CLANG_WARN_INT_CONVERSION = YES;
				CLANG_WARN_NON_LITERAL_NULL_CONVERSION = YES;
				CLANG_WARN_OBJC_IMPLICIT_RETAIN_SELF = YES;
				CLANG_WARN_OBJC_LITERAL_CONVERSION = YES;
				CLANG_WARN_OBJC_ROOT_CLASS = YES_ERROR;
				CLANG_WARN_QUOTED_INCLUDE_IN_FRAMEWORK_HEADER = YES;
				CLANG_WARN_RANGE_LOOP_ANALYSIS = YES;
				CLANG_WARN_STRICT_PROTOTYPES = YES;
				CLANG_WARN_SUSPICIOUS_MOVE = YES;
				CLANG_WARN_UNGUARDED_AVAILABILITY = YES_AGGRESSIVE;
				CLANG_WARN_UNREACHABLE_CODE = YES;
				CLANG_WARN__DUPLICATE_METHOD_MATCH = YES;
				COPY_PHASE_STRIP = NO;
				DEBUG_INFORMATION_FORMAT = "dwarf-with-dsym";
				ENABLE_NS_ASSERTIONS = NO;
				ENABLE_STRICT_OBJC_MSGSEND = YES;
				GCC_C_LANGUAGE_STANDARD = gnu11;
				GCC_NO_COMMON_BLOCKS = YES;
				GCC_WARN_64_TO_32_BIT_CONVERSION = YES;
				GCC_WARN_ABOUT_RETURN_TYPE = YES_ERROR;
				GCC_WARN_UNDECLARED_SELECTOR = YES;
				GCC_WARN_UNINITIALIZED_AUTOS = YES_AGGRESSIVE;
				GCC_WARN_UNUSED_FUNCTION = YES;
				GCC_WARN_UNUSED_VARIABLE = YES;
				IPHONEOS_DEPLOYMENT_TARGET = 16.1;
				MTL_ENABLE_DEBUG_INFO = NO;
				MTL_FAST_MATH = YES;
				SDKROOT = iphoneos;
				SWIFT_COMPILATION_MODE = wholemodule;
				SWIFT_OPTIMIZATION_LEVEL = "-O";
				VALIDATE_PRODUCT = YES;
			};
			name = Release;
		};
		94B0DC0929400D7700907DA1 /* Debug */ = {
			isa = XCBuildConfiguration;
			buildSettings = {
				ALWAYS_EMBED_SWIFT_STANDARD_LIBRARIES = YES;
				ASSETCATALOG_COMPILER_APPICON_NAME = AppIcon;
				ASSETCATALOG_COMPILER_GLOBAL_ACCENT_COLOR_NAME = AccentColor;
				CODE_SIGN_STYLE = Automatic;
				CURRENT_PROJECT_VERSION = 1;
				DEVELOPMENT_ASSET_PATHS = "\"Devote/Preview Content\"";
				DEVELOPMENT_TEAM = FV4ACN6AD6;
				ENABLE_PREVIEWS = YES;
				GENERATE_INFOPLIST_FILE = YES;
				INFOPLIST_FILE = Devote/Info.plist;
				INFOPLIST_KEY_UIApplicationSceneManifest_Generation = YES;
				INFOPLIST_KEY_UIApplicationSupportsIndirectInputEvents = YES;
				INFOPLIST_KEY_UISupportedInterfaceOrientations = "UIInterfaceOrientationLandscapeLeft UIInterfaceOrientationLandscapeRight UIInterfaceOrientationPortrait";
				INFOPLIST_KEY_UISupportedInterfaceOrientations_iPad = UIInterfaceOrientationPortrait;
				LD_RUNPATH_SEARCH_PATHS = (
					"$(inherited)",
					"@executable_path/Frameworks",
				);
				MARKETING_VERSION = 1.0;
				PRODUCT_BUNDLE_IDENTIFIER = XAVware.Devote;
				PRODUCT_NAME = "$(TARGET_NAME)";
				SWIFT_EMIT_LOC_STRINGS = YES;
				SWIFT_VERSION = 5.0;
				TARGETED_DEVICE_FAMILY = "1,2";
			};
			name = Debug;
		};
		94B0DC0A29400D7700907DA1 /* Release */ = {
			isa = XCBuildConfiguration;
			buildSettings = {
				ALWAYS_EMBED_SWIFT_STANDARD_LIBRARIES = YES;
				ASSETCATALOG_COMPILER_APPICON_NAME = AppIcon;
				ASSETCATALOG_COMPILER_GLOBAL_ACCENT_COLOR_NAME = AccentColor;
				CODE_SIGN_STYLE = Automatic;
				CURRENT_PROJECT_VERSION = 1;
				DEVELOPMENT_ASSET_PATHS = "\"Devote/Preview Content\"";
				DEVELOPMENT_TEAM = FV4ACN6AD6;
				ENABLE_PREVIEWS = YES;
				GENERATE_INFOPLIST_FILE = YES;
				INFOPLIST_FILE = Devote/Info.plist;
				INFOPLIST_KEY_UIApplicationSceneManifest_Generation = YES;
				INFOPLIST_KEY_UIApplicationSupportsIndirectInputEvents = YES;
				INFOPLIST_KEY_UISupportedInterfaceOrientations = "UIInterfaceOrientationLandscapeLeft UIInterfaceOrientationLandscapeRight UIInterfaceOrientationPortrait";
				INFOPLIST_KEY_UISupportedInterfaceOrientations_iPad = UIInterfaceOrientationPortrait;
				LD_RUNPATH_SEARCH_PATHS = (
					"$(inherited)",
					"@executable_path/Frameworks",
				);
				MARKETING_VERSION = 1.0;
				PRODUCT_BUNDLE_IDENTIFIER = XAVware.Devote;
				PRODUCT_NAME = "$(TARGET_NAME)";
				SWIFT_EMIT_LOC_STRINGS = YES;
				SWIFT_VERSION = 5.0;
				TARGETED_DEVICE_FAMILY = "1,2";
			};
			name = Release;
		};
/* End XCBuildConfiguration section */

/* Begin XCConfigurationList section */
		8020E88229411E1400156C39 /* Build configuration list for PBXNativeTarget "DevoteWidgetExtensionExtension" */ = {
			isa = XCConfigurationList;
			buildConfigurations = (
				8020E88329411E1400156C39 /* Debug */,
				8020E88429411E1400156C39 /* Release */,
			);
			defaultConfigurationIsVisible = 0;
			defaultConfigurationName = Release;
		};
		94B0DBF029400D7500907DA1 /* Build configuration list for PBXProject "Devote" */ = {
			isa = XCConfigurationList;
			buildConfigurations = (
				94B0DC0629400D7700907DA1 /* Debug */,
				94B0DC0729400D7700907DA1 /* Release */,
			);
			defaultConfigurationIsVisible = 0;
			defaultConfigurationName = Release;
		};
		94B0DC0829400D7700907DA1 /* Build configuration list for PBXNativeTarget "Devote" */ = {
			isa = XCConfigurationList;
			buildConfigurations = (
				94B0DC0929400D7700907DA1 /* Debug */,
				94B0DC0A29400D7700907DA1 /* Release */,
			);
			defaultConfigurationIsVisible = 0;
			defaultConfigurationName = Release;
		};
/* End XCConfigurationList section */

/* Begin XCVersionGroup section */
		94B0DC0329400D7700907DA1 /* Devote.xcdatamodeld */ = {
			isa = XCVersionGroup;
			children = (
				94B0DC0429400D7700907DA1 /* Devote.xcdatamodel */,
			);
			currentVersion = 94B0DC0429400D7700907DA1 /* Devote.xcdatamodel */;
			path = Devote.xcdatamodeld;
			sourceTree = "<group>";
			versionGroupType = wrapper.xcdatamodel;
		};
/* End XCVersionGroup section */
	};
	rootObject = 94B0DBED29400D7500907DA1 /* Project object */;
}
