// !$*UTF8*$!
{
	archiveVersion = 1;
	classes = {
	};
	objectVersion = 55;
	objects = {

/* Begin PBXBuildFile section */
		80448FD82932DA9F0022DBE5 /* HoneymoonModel.swift in Sources */ = {isa = PBXBuildFile; fileRef = 80448FD72932DA9F0022DBE5 /* HoneymoonModel.swift */; };
		80448FDB2932DB790022DBE5 /* HoneymoonData.swift in Sources */ = {isa = PBXBuildFile; fileRef = 80448FDA2932DB790022DBE5 /* HoneymoonData.swift */; };
		80448FDF2932DC0B0022DBE5 /* CardView.swift in Sources */ = {isa = PBXBuildFile; fileRef = 80448FDE2932DC0B0022DBE5 /* CardView.swift */; };
		80448FE12932DF9D0022DBE5 /* HeaderView.swift in Sources */ = {isa = PBXBuildFile; fileRef = 80448FE02932DF9D0022DBE5 /* HeaderView.swift */; };
		80448FE32932E1930022DBE5 /* FooterView.swift in Sources */ = {isa = PBXBuildFile; fileRef = 80448FE22932E1930022DBE5 /* FooterView.swift */; };
		80448FE62933EE650022DBE5 /* HeaderComponent.swift in Sources */ = {isa = PBXBuildFile; fileRef = 80448FE52933EE650022DBE5 /* HeaderComponent.swift */; };
		80448FE82933F15F0022DBE5 /* GuideComponent.swift in Sources */ = {isa = PBXBuildFile; fileRef = 80448FE72933F15F0022DBE5 /* GuideComponent.swift */; };
		80448FEA2933F8890022DBE5 /* GuideView.swift in Sources */ = {isa = PBXBuildFile; fileRef = 80448FE92933F8890022DBE5 /* GuideView.swift */; };
		80A1213E29316F1F003189DB /* HoneymoonApp.swift in Sources */ = {isa = PBXBuildFile; fileRef = 80A1213D29316F1F003189DB /* HoneymoonApp.swift */; };
		80A1214029316F1F003189DB /* ContentView.swift in Sources */ = {isa = PBXBuildFile; fileRef = 80A1213F29316F1F003189DB /* ContentView.swift */; };
		80A1214229316F1F003189DB /* Assets.xcassets in Resources */ = {isa = PBXBuildFile; fileRef = 80A1214129316F1F003189DB /* Assets.xcassets */; };
		80A1214529316F1F003189DB /* Preview Assets.xcassets in Resources */ = {isa = PBXBuildFile; fileRef = 80A1214429316F1F003189DB /* Preview Assets.xcassets */; };
		80A1214C29316F3C003189DB /* Sounds in Resources */ = {isa = PBXBuildFile; fileRef = 80A1214B29316F3C003189DB /* Sounds */; };
		80A12153293177D6003189DB /* LaunchScreen.storyboard in Resources */ = {isa = PBXBuildFile; fileRef = 80A12152293177D6003189DB /* LaunchScreen.storyboard */; };
		80D3DF6E2934272D00C1AB7C /* TitleModifier.swift in Sources */ = {isa = PBXBuildFile; fileRef = 80D3DF6D2934272D00C1AB7C /* TitleModifier.swift */; };
		80D3DF702934273200C1AB7C /* ButtonModifier.swift in Sources */ = {isa = PBXBuildFile; fileRef = 80D3DF6F2934273200C1AB7C /* ButtonModifier.swift */; };
		80D3DF722934276800C1AB7C /* InfoView.swift in Sources */ = {isa = PBXBuildFile; fileRef = 80D3DF712934276800C1AB7C /* InfoView.swift */; };
		80D3DF752935233B00C1AB7C /* SymbolModifier.swift in Sources */ = {isa = PBXBuildFile; fileRef = 80D3DF742935233B00C1AB7C /* SymbolModifier.swift */; };
		80D3DF7829352A3700C1AB7C /* CardTransition.swift in Sources */ = {isa = PBXBuildFile; fileRef = 80D3DF7729352A3700C1AB7C /* CardTransition.swift */; };
/* End PBXBuildFile section */

/* Begin PBXFileReference section */
		80448FD72932DA9F0022DBE5 /* HoneymoonModel.swift */ = {isa = PBXFileReference; lastKnownFileType = sourcecode.swift; path = HoneymoonModel.swift; sourceTree = "<group>"; };
		80448FDA2932DB790022DBE5 /* HoneymoonData.swift */ = {isa = PBXFileReference; lastKnownFileType = sourcecode.swift; path = HoneymoonData.swift; sourceTree = "<group>"; };
		80448FDE2932DC0B0022DBE5 /* CardView.swift */ = {isa = PBXFileReference; lastKnownFileType = sourcecode.swift; path = CardView.swift; sourceTree = "<group>"; };
		80448FE02932DF9D0022DBE5 /* HeaderView.swift */ = {isa = PBXFileReference; lastKnownFileType = sourcecode.swift; path = HeaderView.swift; sourceTree = "<group>"; };
		80448FE22932E1930022DBE5 /* FooterView.swift */ = {isa = PBXFileReference; lastKnownFileType = sourcecode.swift; path = FooterView.swift; sourceTree = "<group>"; };
		80448FE52933EE650022DBE5 /* HeaderComponent.swift */ = {isa = PBXFileReference; lastKnownFileType = sourcecode.swift; path = HeaderComponent.swift; sourceTree = "<group>"; };
		80448FE72933F15F0022DBE5 /* GuideComponent.swift */ = {isa = PBXFileReference; lastKnownFileType = sourcecode.swift; path = GuideComponent.swift; sourceTree = "<group>"; };
		80448FE92933F8890022DBE5 /* GuideView.swift */ = {isa = PBXFileReference; lastKnownFileType = sourcecode.swift; path = GuideView.swift; sourceTree = "<group>"; };
		80A1213A29316F1E003189DB /* Honeymoon.app */ = {isa = PBXFileReference; explicitFileType = wrapper.application; includeInIndex = 0; path = Honeymoon.app; sourceTree = BUILT_PRODUCTS_DIR; };
		80A1213D29316F1F003189DB /* HoneymoonApp.swift */ = {isa = PBXFileReference; lastKnownFileType = sourcecode.swift; path = HoneymoonApp.swift; sourceTree = "<group>"; };
		80A1213F29316F1F003189DB /* ContentView.swift */ = {isa = PBXFileReference; lastKnownFileType = sourcecode.swift; path = ContentView.swift; sourceTree = "<group>"; };
		80A1214129316F1F003189DB /* Assets.xcassets */ = {isa = PBXFileReference; lastKnownFileType = folder.assetcatalog; path = Assets.xcassets; sourceTree = "<group>"; };
		80A1214429316F1F003189DB /* Preview Assets.xcassets */ = {isa = PBXFileReference; lastKnownFileType = folder.assetcatalog; path = "Preview Assets.xcassets"; sourceTree = "<group>"; };
		80A1214B29316F3C003189DB /* Sounds */ = {isa = PBXFileReference; lastKnownFileType = folder; path = Sounds; sourceTree = "<group>"; };
		80A1214F293174CC003189DB /* Info.plist */ = {isa = PBXFileReference; lastKnownFileType = text.plist; path = Info.plist; sourceTree = "<group>"; };
		80A12152293177D6003189DB /* LaunchScreen.storyboard */ = {isa = PBXFileReference; lastKnownFileType = file.storyboard; path = LaunchScreen.storyboard; sourceTree = "<group>"; };
		80D3DF6D2934272D00C1AB7C /* TitleModifier.swift */ = {isa = PBXFileReference; fileEncoding = 4; lastKnownFileType = sourcecode.swift; path = TitleModifier.swift; sourceTree = "<group>"; };
		80D3DF6F2934273200C1AB7C /* ButtonModifier.swift */ = {isa = PBXFileReference; fileEncoding = 4; lastKnownFileType = sourcecode.swift; path = ButtonModifier.swift; sourceTree = "<group>"; };
		80D3DF712934276800C1AB7C /* InfoView.swift */ = {isa = PBXFileReference; fileEncoding = 4; lastKnownFileType = sourcecode.swift; path = InfoView.swift; sourceTree = "<group>"; };
		80D3DF742935233B00C1AB7C /* SymbolModifier.swift */ = {isa = PBXFileReference; lastKnownFileType = sourcecode.swift; path = SymbolModifier.swift; sourceTree = "<group>"; };
		80D3DF7729352A3700C1AB7C /* CardTransition.swift */ = {isa = PBXFileReference; lastKnownFileType = sourcecode.swift; path = CardTransition.swift; sourceTree = "<group>"; };
/* End PBXFileReference section */

/* Begin PBXFrameworksBuildPhase section */
		80A1213729316F1E003189DB /* Frameworks */ = {
			isa = PBXFrameworksBuildPhase;
			buildActionMask = 2147483647;
			files = (
			);
			runOnlyForDeploymentPostprocessing = 0;
		};
/* End PBXFrameworksBuildPhase section */

/* Begin PBXGroup section */
		80448FD92932DAA40022DBE5 /* Models */ = {
			isa = PBXGroup;
			children = (
				80448FD72932DA9F0022DBE5 /* HoneymoonModel.swift */,
			);
			path = Models;
			sourceTree = "<group>";
		};
		80448FDC2932DB800022DBE5 /* Data */ = {
			isa = PBXGroup;
			children = (
				80448FDA2932DB790022DBE5 /* HoneymoonData.swift */,
			);
			path = Data;
			sourceTree = "<group>";
		};
		80448FDD2932DBFC0022DBE5 /* View */ = {
			isa = PBXGroup;
			children = (
				80A1213F29316F1F003189DB /* ContentView.swift */,
				80448FDE2932DC0B0022DBE5 /* CardView.swift */,
				80D3DF712934276800C1AB7C /* InfoView.swift */,
				80448FE02932DF9D0022DBE5 /* HeaderView.swift */,
				80448FE22932E1930022DBE5 /* FooterView.swift */,
				80448FE92933F8890022DBE5 /* GuideView.swift */,
			);
			path = View;
			sourceTree = "<group>";
		};
		80448FE42933EE4C0022DBE5 /* Components */ = {
			isa = PBXGroup;
			children = (
				80448FE52933EE650022DBE5 /* HeaderComponent.swift */,
				80448FE72933F15F0022DBE5 /* GuideComponent.swift */,
			);
			path = Components;
			sourceTree = "<group>";
		};
		80A1213129316F1E003189DB = {
			isa = PBXGroup;
			children = (
				80A1213C29316F1E003189DB /* Honeymoon */,
				80A1213B29316F1E003189DB /* Products */,
			);
			sourceTree = "<group>";
		};
		80A1213B29316F1E003189DB /* Products */ = {
			isa = PBXGroup;
			children = (
				80A1213A29316F1E003189DB /* Honeymoon.app */,
			);
			name = Products;
			sourceTree = "<group>";
		};
		80A1213C29316F1E003189DB /* Honeymoon */ = {
			isa = PBXGroup;
			children = (
				80D3DF7629352A2500C1AB7C /* Extensions */,
				80D3DF732934277500C1AB7C /* Modifiers */,
				80448FE42933EE4C0022DBE5 /* Components */,
				80448FDD2932DBFC0022DBE5 /* View */,
				80448FDC2932DB800022DBE5 /* Data */,
				80448FD92932DAA40022DBE5 /* Models */,
				80A1214F293174CC003189DB /* Info.plist */,
				80A1214B29316F3C003189DB /* Sounds */,
				80A1213D29316F1F003189DB /* HoneymoonApp.swift */,
				80A12152293177D6003189DB /* LaunchScreen.storyboard */,
				80A1214129316F1F003189DB /* Assets.xcassets */,
				80A1214329316F1F003189DB /* Preview Content */,
			);
			path = Honeymoon;
			sourceTree = "<group>";
		};
		80A1214329316F1F003189DB /* Preview Content */ = {
			isa = PBXGroup;
			children = (
				80A1214429316F1F003189DB /* Preview Assets.xcassets */,
			);
			path = "Preview Content";
			sourceTree = "<group>";
		};
		80D3DF732934277500C1AB7C /* Modifiers */ = {
			isa = PBXGroup;
			children = (
				80D3DF6D2934272D00C1AB7C /* TitleModifier.swift */,
				80D3DF6F2934273200C1AB7C /* ButtonModifier.swift */,
				80D3DF742935233B00C1AB7C /* SymbolModifier.swift */,
			);
			path = Modifiers;
			sourceTree = "<group>";
		};
		80D3DF7629352A2500C1AB7C /* Extensions */ = {
			isa = PBXGroup;
			children = (
				80D3DF7729352A3700C1AB7C /* CardTransition.swift */,
			);
			path = Extensions;
			sourceTree = "<group>";
		};
/* End PBXGroup section */

/* Begin PBXNativeTarget section */
		80A1213929316F1E003189DB /* Honeymoon */ = {
			isa = PBXNativeTarget;
			buildConfigurationList = 80A1214829316F1F003189DB /* Build configuration list for PBXNativeTarget "Honeymoon" */;
			buildPhases = (
				80A1213629316F1E003189DB /* Sources */,
				80A1213729316F1E003189DB /* Frameworks */,
				80A1213829316F1E003189DB /* Resources */,
			);
			buildRules = (
			);
			dependencies = (
			);
			name = Honeymoon;
			productName = Honeymoon;
			productReference = 80A1213A29316F1E003189DB /* Honeymoon.app */;
			productType = "com.apple.product-type.application";
		};
/* End PBXNativeTarget section */

/* Begin PBXProject section */
		80A1213229316F1E003189DB /* Project object */ = {
			isa = PBXProject;
			attributes = {
				BuildIndependentTargetsInParallel = 1;
				LastSwiftUpdateCheck = 1340;
				LastUpgradeCheck = 1340;
				TargetAttributes = {
					80A1213929316F1E003189DB = {
						CreatedOnToolsVersion = 13.4.1;
					};
				};
			};
			buildConfigurationList = 80A1213529316F1E003189DB /* Build configuration list for PBXProject "Honeymoon" */;
			compatibilityVersion = "Xcode 13.0";
			developmentRegion = en;
			hasScannedForEncodings = 0;
			knownRegions = (
				en,
				Base,
			);
			mainGroup = 80A1213129316F1E003189DB;
			productRefGroup = 80A1213B29316F1E003189DB /* Products */;
			projectDirPath = "";
			projectRoot = "";
			targets = (
				80A1213929316F1E003189DB /* Honeymoon */,
			);
		};
/* End PBXProject section */

/* Begin PBXResourcesBuildPhase section */
		80A1213829316F1E003189DB /* Resources */ = {
			isa = PBXResourcesBuildPhase;
			buildActionMask = 2147483647;
			files = (
				80A1214C29316F3C003189DB /* Sounds in Resources */,
				80A12153293177D6003189DB /* LaunchScreen.storyboard in Resources */,
				80A1214529316F1F003189DB /* Preview Assets.xcassets in Resources */,
				80A1214229316F1F003189DB /* Assets.xcassets in Resources */,
			);
			runOnlyForDeploymentPostprocessing = 0;
		};
/* End PBXResourcesBuildPhase section */

/* Begin PBXSourcesBuildPhase section */
		80A1213629316F1E003189DB /* Sources */ = {
			isa = PBXSourcesBuildPhase;
			buildActionMask = 2147483647;
			files = (
				80448FDB2932DB790022DBE5 /* HoneymoonData.swift in Sources */,
				80448FE32932E1930022DBE5 /* FooterView.swift in Sources */,
				80448FE12932DF9D0022DBE5 /* HeaderView.swift in Sources */,
				80D3DF6E2934272D00C1AB7C /* TitleModifier.swift in Sources */,
				80D3DF7829352A3700C1AB7C /* CardTransition.swift in Sources */,
				80D3DF752935233B00C1AB7C /* SymbolModifier.swift in Sources */,
				80448FD82932DA9F0022DBE5 /* HoneymoonModel.swift in Sources */,
				80D3DF722934276800C1AB7C /* InfoView.swift in Sources */,
				80448FE62933EE650022DBE5 /* HeaderComponent.swift in Sources */,
				80D3DF702934273200C1AB7C /* ButtonModifier.swift in Sources */,
				80A1214029316F1F003189DB /* ContentView.swift in Sources */,
				80A1213E29316F1F003189DB /* HoneymoonApp.swift in Sources */,
				80448FDF2932DC0B0022DBE5 /* CardView.swift in Sources */,
				80448FE82933F15F0022DBE5 /* GuideComponent.swift in Sources */,
				80448FEA2933F8890022DBE5 /* GuideView.swift in Sources */,
			);
			runOnlyForDeploymentPostprocessing = 0;
		};
/* End PBXSourcesBuildPhase section */

/* Begin XCBuildConfiguration section */
		80A1214629316F1F003189DB /* Debug */ = {
			isa = XCBuildConfiguration;
			buildSettings = {
				ALWAYS_SEARCH_USER_PATHS = NO;
				CLANG_ANALYZER_NONNULL = YES;
				CLANG_ANALYZER_NUMBER_OBJECT_CONVERSION = YES_AGGRESSIVE;
				CLANG_CXX_LANGUAGE_STANDARD = "gnu++17";
				CLANG_ENABLE_MODULES = YES;
				CLANG_ENABLE_OBJC_ARC = YES;
				CLANG_ENABLE_OBJC_WEAK = YES;
				CLANG_WARN_BLOCK_CAPTURE_AUTORELEASING = YES;
				CLANG_WARN_BOOL_CONVERSION = YES;
				CLANG_WARN_COMMA = YES;
				CLANG_WARN_CONSTANT_CONVERSION = YES;
				CLANG_WARN_DEPRECATED_OBJC_IMPLEMENTATIONS = YES;
				CLANG_WARN_DIRECT_OBJC_ISA_USAGE = YES_ERROR;
				CLANG_WARN_DOCUMENTATION_COMMENTS = YES;
				CLANG_WARN_EMPTY_BODY = YES;
				CLANG_WARN_ENUM_CONVERSION = YES;
				CLANG_WARN_INFINITE_RECURSION = YES;
				CLANG_WARN_INT_CONVERSION = YES;
				CLANG_WARN_NON_LITERAL_NULL_CONVERSION = YES;
				CLANG_WARN_OBJC_IMPLICIT_RETAIN_SELF = YES;
				CLANG_WARN_OBJC_LITERAL_CONVERSION = YES;
				CLANG_WARN_OBJC_ROOT_CLASS = YES_ERROR;
				CLANG_WARN_QUOTED_INCLUDE_IN_FRAMEWORK_HEADER = YES;
				CLANG_WARN_RANGE_LOOP_ANALYSIS = YES;
				CLANG_WARN_STRICT_PROTOTYPES = YES;
				CLANG_WARN_SUSPICIOUS_MOVE = YES;
				CLANG_WARN_UNGUARDED_AVAILABILITY = YES_AGGRESSIVE;
				CLANG_WARN_UNREACHABLE_CODE = YES;
				CLANG_WARN__DUPLICATE_METHOD_MATCH = YES;
				COPY_PHASE_STRIP = NO;
				DEBUG_INFORMATION_FORMAT = dwarf;
				ENABLE_STRICT_OBJC_MSGSEND = YES;
				ENABLE_TESTABILITY = YES;
				GCC_C_LANGUAGE_STANDARD = gnu11;
				GCC_DYNAMIC_NO_PIC = NO;
				GCC_NO_COMMON_BLOCKS = YES;
				GCC_OPTIMIZATION_LEVEL = 0;
				GCC_PREPROCESSOR_DEFINITIONS = (
					"DEBUG=1",
					"$(inherited)",
				);
				GCC_WARN_64_TO_32_BIT_CONVERSION = YES;
				GCC_WARN_ABOUT_RETURN_TYPE = YES_ERROR;
				GCC_WARN_UNDECLARED_SELECTOR = YES;
				GCC_WARN_UNINITIALIZED_AUTOS = YES_AGGRESSIVE;
				GCC_WARN_UNUSED_FUNCTION = YES;
				GCC_WARN_UNUSED_VARIABLE = YES;
				IPHONEOS_DEPLOYMENT_TARGET = 15.5;
				MTL_ENABLE_DEBUG_INFO = INCLUDE_SOURCE;
				MTL_FAST_MATH = YES;
				ONLY_ACTIVE_ARCH = YES;
				SDKROOT = iphoneos;
				SWIFT_ACTIVE_COMPILATION_CONDITIONS = DEBUG;
				SWIFT_OPTIMIZATION_LEVEL = "-Onone";
			};
			name = Debug;
		};
		80A1214729316F1F003189DB /* Release */ = {
			isa = XCBuildConfiguration;
			buildSettings = {
				ALWAYS_SEARCH_USER_PATHS = NO;
				CLANG_ANALYZER_NONNULL = YES;
				CLANG_ANALYZER_NUMBER_OBJECT_CONVERSION = YES_AGGRESSIVE;
				CLANG_CXX_LANGUAGE_STANDARD = "gnu++17";
				CLANG_ENABLE_MODULES = YES;
				CLANG_ENABLE_OBJC_ARC = YES;
				CLANG_ENABLE_OBJC_WEAK = YES;
				CLANG_WARN_BLOCK_CAPTURE_AUTORELEASING = YES;
				CLANG_WARN_BOOL_CONVERSION = YES;
				CLANG_WARN_COMMA = YES;
				CLANG_WARN_CONSTANT_CONVERSION = YES;
				CLANG_WARN_DEPRECATED_OBJC_IMPLEMENTATIONS = YES;
				CLANG_WARN_DIRECT_OBJC_ISA_USAGE = YES_ERROR;
				CLANG_WARN_DOCUMENTATION_COMMENTS = YES;
				CLANG_WARN_EMPTY_BODY = YES;
				CLANG_WARN_ENUM_CONVERSION = YES;
				CLANG_WARN_INFINITE_RECURSION = YES;
				CLANG_WARN_INT_CONVERSION = YES;
				CLANG_WARN_NON_LITERAL_NULL_CONVERSION = YES;
				CLANG_WARN_OBJC_IMPLICIT_RETAIN_SELF = YES;
				CLANG_WARN_OBJC_LITERAL_CONVERSION = YES;
				CLANG_WARN_OBJC_ROOT_CLASS = YES_ERROR;
				CLANG_WARN_QUOTED_INCLUDE_IN_FRAMEWORK_HEADER = YES;
				CLANG_WARN_RANGE_LOOP_ANALYSIS = YES;
				CLANG_WARN_STRICT_PROTOTYPES = YES;
				CLANG_WARN_SUSPICIOUS_MOVE = YES;
				CLANG_WARN_UNGUARDED_AVAILABILITY = YES_AGGRESSIVE;
				CLANG_WARN_UNREACHABLE_CODE = YES;
				CLANG_WARN__DUPLICATE_METHOD_MATCH = YES;
				COPY_PHASE_STRIP = NO;
				DEBUG_INFORMATION_FORMAT = "dwarf-with-dsym";
				ENABLE_NS_ASSERTIONS = NO;
				ENABLE_STRICT_OBJC_MSGSEND = YES;
				GCC_C_LANGUAGE_STANDARD = gnu11;
				GCC_NO_COMMON_BLOCKS = YES;
				GCC_WARN_64_TO_32_BIT_CONVERSION = YES;
				GCC_WARN_ABOUT_RETURN_TYPE = YES_ERROR;
				GCC_WARN_UNDECLARED_SELECTOR = YES;
				GCC_WARN_UNINITIALIZED_AUTOS = YES_AGGRESSIVE;
				GCC_WARN_UNUSED_FUNCTION = YES;
				GCC_WARN_UNUSED_VARIABLE = YES;
				IPHONEOS_DEPLOYMENT_TARGET = 15.5;
				MTL_ENABLE_DEBUG_INFO = NO;
				MTL_FAST_MATH = YES;
				SDKROOT = iphoneos;
				SWIFT_COMPILATION_MODE = wholemodule;
				SWIFT_OPTIMIZATION_LEVEL = "-O";
				VALIDATE_PRODUCT = YES;
			};
			name = Release;
		};
		80A1214929316F1F003189DB /* Debug */ = {
			isa = XCBuildConfiguration;
			buildSettings = {
				ASSETCATALOG_COMPILER_APPICON_NAME = AppIcon;
				ASSETCATALOG_COMPILER_GLOBAL_ACCENT_COLOR_NAME = AccentColor;
				CODE_SIGN_STYLE = Automatic;
				CURRENT_PROJECT_VERSION = 1;
				DEVELOPMENT_ASSET_PATHS = "\"Honeymoon/Preview Content\"";
				DEVELOPMENT_TEAM = FV4ACN6AD6;
				ENABLE_PREVIEWS = YES;
				GENERATE_INFOPLIST_FILE = YES;
				INFOPLIST_FILE = Honeymoon/Info.plist;
				INFOPLIST_KEY_UIApplicationSceneManifest_Generation = YES;
				INFOPLIST_KEY_UIApplicationSupportsIndirectInputEvents = YES;
				INFOPLIST_KEY_UILaunchStoryboardName = LaunchScreen;
				INFOPLIST_KEY_UISupportedInterfaceOrientations = UIInterfaceOrientationPortrait;
				INFOPLIST_KEY_UISupportedInterfaceOrientations_iPad = "UIInterfaceOrientationPortrait UIInterfaceOrientationPortraitUpsideDown UIInterfaceOrientationLandscapeLeft UIInterfaceOrientationLandscapeRight";
				INFOPLIST_KEY_UISupportedInterfaceOrientations_iPhone = "UIInterfaceOrientationPortrait UIInterfaceOrientationLandscapeLeft UIInterfaceOrientationLandscapeRight";
				LD_RUNPATH_SEARCH_PATHS = (
					"$(inherited)",
					"@executable_path/Frameworks",
				);
				MARKETING_VERSION = 1.0;
				PRODUCT_BUNDLE_IDENTIFIER = xavware.Honeymoon;
				PRODUCT_NAME = "$(TARGET_NAME)";
				SWIFT_EMIT_LOC_STRINGS = YES;
				SWIFT_VERSION = 5.0;
				TARGETED_DEVICE_FAMILY = "1,2";
			};
			name = Debug;
		};
		80A1214A29316F1F003189DB /* Release */ = {
			isa = XCBuildConfiguration;
			buildSettings = {
				ASSETCATALOG_COMPILER_APPICON_NAME = AppIcon;
				ASSETCATALOG_COMPILER_GLOBAL_ACCENT_COLOR_NAME = AccentColor;
				CODE_SIGN_STYLE = Automatic;
				CURRENT_PROJECT_VERSION = 1;
				DEVELOPMENT_ASSET_PATHS = "\"Honeymoon/Preview Content\"";
				DEVELOPMENT_TEAM = FV4ACN6AD6;
				ENABLE_PREVIEWS = YES;
				GENERATE_INFOPLIST_FILE = YES;
				INFOPLIST_FILE = Honeymoon/Info.plist;
				INFOPLIST_KEY_UIApplicationSceneManifest_Generation = YES;
				INFOPLIST_KEY_UIApplicationSupportsIndirectInputEvents = YES;
				INFOPLIST_KEY_UILaunchStoryboardName = LaunchScreen;
				INFOPLIST_KEY_UISupportedInterfaceOrientations = UIInterfaceOrientationPortrait;
				INFOPLIST_KEY_UISupportedInterfaceOrientations_iPad = "UIInterfaceOrientationPortrait UIInterfaceOrientationPortraitUpsideDown UIInterfaceOrientationLandscapeLeft UIInterfaceOrientationLandscapeRight";
				INFOPLIST_KEY_UISupportedInterfaceOrientations_iPhone = "UIInterfaceOrientationPortrait UIInterfaceOrientationLandscapeLeft UIInterfaceOrientationLandscapeRight";
				LD_RUNPATH_SEARCH_PATHS = (
					"$(inherited)",
					"@executable_path/Frameworks",
				);
				MARKETING_VERSION = 1.0;
				PRODUCT_BUNDLE_IDENTIFIER = xavware.Honeymoon;
				PRODUCT_NAME = "$(TARGET_NAME)";
				SWIFT_EMIT_LOC_STRINGS = YES;
				SWIFT_VERSION = 5.0;
				TARGETED_DEVICE_FAMILY = "1,2";
			};
			name = Release;
		};
/* End XCBuildConfiguration section */

/* Begin XCConfigurationList section */
		80A1213529316F1E003189DB /* Build configuration list for PBXProject "Honeymoon" */ = {
			isa = XCConfigurationList;
			buildConfigurations = (
				80A1214629316F1F003189DB /* Debug */,
				80A1214729316F1F003189DB /* Release */,
			);
			defaultConfigurationIsVisible = 0;
			defaultConfigurationName = Release;
		};
		80A1214829316F1F003189DB /* Build configuration list for PBXNativeTarget "Honeymoon" */ = {
			isa = XCConfigurationList;
			buildConfigurations = (
				80A1214929316F1F003189DB /* Debug */,
				80A1214A29316F1F003189DB /* Release */,
			);
			defaultConfigurationIsVisible = 0;
			defaultConfigurationName = Release;
		};
/* End XCConfigurationList section */
	};
	rootObject = 80A1213229316F1E003189DB /* Project object */;
}
